<?xml version="1.0" encoding="utf-8"?>
<Project ToolsVersion="4.0" xmlns="http://schemas.microsoft.com/developer/msbuild/2003">
  <ItemGroup>
    <ClCompile Include="app.cpp" />
    <ClCompile Include="appInstance.cpp" />
    <ClCompile Include="asset.cpp" />
    <ClCompile Include="buffer.cpp" />
    <ClCompile Include="Callback.cpp" />
    <ClCompile Include="Drawable.cpp" />
    <ClCompile Include="fbo.cpp" />
    <ClCompile Include="Frustum.cpp" />
    <ClCompile Include="Geode.cpp" />
    <ClCompile Include="Geometry.cpp" />
    <ClCompile Include="Group.cpp" />
    <ClCompile Include="image.cpp" />
    <ClCompile Include="log.cpp" />
    <ClCompile Include="mShaderManage.cpp" />
    <ClCompile Include="mTextureManage.cpp" />
    <ClCompile Include="Node.cpp" />
    <ClCompile Include="NodeVisitor.cpp" />
    <ClCompile Include="Renderer.cpp" />
    <ClCompile Include="RenderPass.cpp" />
    <ClCompile Include="renderpch.cpp" />
    <ClCompile Include="shader.cpp" />
    <ClCompile Include="Space.cpp" />
    <ClCompile Include="StateAttribute.cpp" />
    <ClCompile Include="StateSet.cpp" />
    <ClCompile Include="Taa.cpp" />
    <ClCompile Include="texture.cpp" />
    <ClCompile Include="vao.cpp" />
    <ClCompile Include="Viewer.cpp" />
    <ClCompile Include="Frode.cpp" />
  </ItemGroup>
  <ItemGroup>
    <ClInclude Include="app.h" />
    <ClInclude Include="appInstance.h" />
    <ClInclude Include="Array.h" />
    <ClInclude Include="asset.h" />
    <ClInclude Include="buffer.h" />
    <ClInclude Include="Callback.h" />
    <ClInclude Include="Drawable.h" />
    <ClInclude Include="export.h" />
    <ClInclude Include="fbo.h" />
    <ClInclude Include="Frustum.h" />
    <ClInclude Include="Geode.h" />
    <ClInclude Include="Geometry.h" />
    <ClInclude Include="Group.h" />
    <ClInclude Include="image.h" />
    <ClInclude Include="log.h" />
    <ClInclude Include="mBasicMeshRend.h" />
    <ClInclude Include="mMeshViewEnum.h" />
    <ClInclude Include="mShaderManage.h" />
    <ClInclude Include="mTextureManage.h" />
    <ClInclude Include="mxbasicrender_global.h" />
    <ClInclude Include="Node.h" />
    <ClInclude Include="NodeVisitor.h" />
    <ClInclude Include="Renderer.h" />
    <ClInclude Include="RenderPass.h" />
    <ClInclude Include="renderpch.h" />
    <ClInclude Include="shader.h" />
    <ClInclude Include="Space.h" />
    <ClInclude Include="StateAttribute.h" />
    <ClInclude Include="StateSet.h" />
    <ClInclude Include="Taa.h" />
    <ClInclude Include="texture.h" />
    <ClInclude Include="vao.h" />
    <ClInclude Include="Viewer.h" />
    <ClInclude Include="stb\stb_image_write.h">
      <Filter>Header Files</Filter>
    </ClInclude>
    <ClInclude Include="stb\stb_image.h">
      <Filter>Header Files</Filter>
    </ClInclude>
    <ClInclude Include="Frode.h" />
  </ItemGroup>
  <ItemGroup>
    <Filter Include="Header Files">
      <UniqueIdentifier>{93995380-89BD-4b04-88EB-625FBE52EBFB}</UniqueIdentifier>
      <Extensions>h;hh;hpp;hxx;hm;inl;inc;xsd</Extensions>
      <ParseFiles>true</ParseFiles>
    </Filter>
    <Filter Include="Source Files">
      <UniqueIdentifier>{4FC737F1-C7A5-4376-A066-2A32D752A2FF}</UniqueIdentifier>
      <Extensions>cpp;c;cc;cxx;def;odl;idl;hpj;bat;asm;asmx</Extensions>
      <ParseFiles>true</ParseFiles>
    </Filter>
  </ItemGroup>
</Project>