<?xml version="1.0" encoding="utf-8"?>
<Project ToolsVersion="4.0" xmlns="http://schemas.microsoft.com/developer/msbuild/2003">
  <ItemGroup>
    <Filter Include="Source Files">
      <UniqueIdentifier>{4FC737F1-C7A5-4376-A066-2A32D752A2FF}</UniqueIdentifier>
      <Extensions>cpp;c;cc;cxx;def;odl;idl;hpj;bat;asm;asmx</Extensions>
    </Filter>
    <Filter Include="Header Files">
      <UniqueIdentifier>{93995380-89BD-4b04-88EB-625FBE52EBFB}</UniqueIdentifier>
      <Extensions>h;hh;hpp;hxx;hm;inl;inc;xsd</Extensions>
    </Filter>
    <Filter Include="Resource Files">
      <UniqueIdentifier>{67DA6AB6-F800-4c08-8B7A-83BB121AAD01}</UniqueIdentifier>
      <Extensions>rc;ico;cur;bmp;dlg;rc2;rct;bin;rgs;gif;jpg;jpeg;jpe;resx;tiff;tif;png;wav;mfcribbon-ms</Extensions>
    </Filter>
    <Filter Include="Resource Files">
      <UniqueIdentifier>{D9D6E242-F8AF-46E4-B9FD-80ECBC20BA3E}</UniqueIdentifier>
      <Extensions>qrc;*</Extensions>
      <ParseFiles>false</ParseFiles>
    </Filter>
  </ItemGroup>
  <ItemGroup>
    <ClInclude Include="rendview_global.h">
      <Filter>Header Files</Filter>
    </ClInclude>
    <ClInclude Include="mModelTestRender.h">
      <Filter>Header Files</Filter>
    </ClInclude>
    <ClInclude Include="mPostAnimationRender.h">
      <Filter>Header Files</Filter>
    </ClInclude>
    <ClInclude Include="mPostModelRender.h">
      <Filter>Header Files</Filter>
    </ClInclude>
    <ClInclude Include="mPostOneFrameRender.h">
      <Filter>Header Files</Filter>
    </ClInclude>
    <ClInclude Include="mPostPartRender.h">
      <Filter>Header Files</Filter>
    </ClInclude>
    <ClInclude Include="mTestRender.h">
      <Filter>Header Files</Filter>
    </ClInclude>
    <ClInclude Include="tiny_obj_loader.h">
      <Filter>Header Files</Filter>
    </ClInclude>
    <ClInclude Include="..\RendData\mPostRendStatus.h">
      <Filter>Header Files</Filter>
    </ClInclude>
    <ClInclude Include="mPostCuttingPlaneRender.h">
      <Filter>Header Files</Filter>
    </ClInclude>
  </ItemGroup>
  <ItemGroup>
    <ClCompile Include="mBackGroundRender.cpp">
      <Filter>Source Files</Filter>
    </ClCompile>
    <ClCompile Include="mBaseRend.cpp">
      <Filter>Source Files</Filter>
    </ClCompile>
    <ClCompile Include="mBaseRender.cpp">
      <Filter>Source Files</Filter>
    </ClCompile>
    <ClCompile Include="mModelTestRender.cpp">
      <Filter>Source Files</Filter>
    </ClCompile>
    <ClCompile Include="mPostAnimationRender.cpp">
      <Filter>Source Files</Filter>
    </ClCompile>
    <ClCompile Include="mPostModelRender.cpp">
      <Filter>Source Files</Filter>
    </ClCompile>
    <ClCompile Include="mPostOneFrameRender.cpp">
      <Filter>Source Files</Filter>
    </ClCompile>
    <ClCompile Include="mPostPartRender.cpp">
      <Filter>Source Files</Filter>
    </ClCompile>
    <ClCompile Include="mPostRend.cpp">
      <Filter>Source Files</Filter>
    </ClCompile>
    <ClCompile Include="mPostRender.cpp">
      <Filter>Source Files</Filter>
    </ClCompile>
    <ClCompile Include="mPreRend.cpp">
      <Filter>Source Files</Filter>
    </ClCompile>
    <ClCompile Include="mTestRender.cpp">
      <Filter>Source Files</Filter>
    </ClCompile>
    <ClCompile Include="tiny_obj_loader.cc">
      <Filter>Source Files</Filter>
    </ClCompile>
    <ClCompile Include="..\RendData\mPostRendStatus.cpp">
      <Filter>Source Files</Filter>
    </ClCompile>
    <ClCompile Include="mPostCuttingPlaneRender.cpp">
      <Filter>Source Files</Filter>
    </ClCompile>
  </ItemGroup>
  <ItemGroup>
    <QtMoc Include="mBackGroundRender.h">
      <Filter>Header Files</Filter>
    </QtMoc>
    <QtMoc Include="mBaseRend.h">
      <Filter>Header Files</Filter>
    </QtMoc>
    <QtMoc Include="mBaseRender.h">
      <Filter>Header Files</Filter>
    </QtMoc>
    <QtMoc Include="mPostRend.h">
      <Filter>Header Files</Filter>
    </QtMoc>
    <QtMoc Include="mPreRend.h">
      <Filter>Header Files</Filter>
    </QtMoc>
    <QtMoc Include="mPostRender.h">
      <Filter>Header Files</Filter>
    </QtMoc>
  </ItemGroup>
</Project>